
Microsoft Visual Studio Solution File, Format Version 12.00
# Visual Studio 15
VisualStudioVersion = 15.0.27703.2042
MinimumVisualStudioVersion = 10.0.40219.1
Project("{FAE04EC0-301F-11D3-BF4B-00C04F79EFBC}") = "MVCOnlineShopping", "MVCOnlineShopping\MVCOnlineShopping.csproj", "{EC3FB7AB-486B-45B0-9F7D-9275E383F109}"
EndProject
Global
	GlobalSection(SolutionConfigurationPlatforms) = preSolution
		Debug|Any CPU = Debug|Any CPU
		Release|Any CPU = Release|Any CPU
	EndGlobalSection
	GlobalSection(ProjectConfigurationPlatforms) = postSolution
		{EC3FB7AB-486B-45B0-9F7D-9275E383F109}.Debug|Any CPU.ActiveCfg = Debug|Any CPU
		{EC3FB7AB-486B-45B0-9F7D-9275E383F109}.Debug|Any CPU.Build.0 = Debug|Any CPU
		{EC3FB7AB-486B-45B0-9F7D-9275E383F109}.Release|Any CPU.ActiveCfg = Release|Any CPU
		{EC3FB7AB-486B-45B0-9F7D-9275E383F109}.Release|Any CPU.Build.0 = Release|Any CPU
	EndGlobalSection
	GlobalSection(SolutionProperties) = preSolution
		HideSolutionNode = FALSE
	EndGlobalSection
	GlobalSection(ExtensibilityGlobals) = postSolution
		SolutionGuid = {ACE121AE-8E56-4973-A222-82C5C24068BB}
	EndGlobalSection
EndGlobal
